
Microsoft Visual Studio Solution File, Format Version 12.00
# Visual Studio Version 17
VisualStudioVersion = 17.11.35222.181
MinimumVisualStudioVersion = 10.0.40219.1
Project("{9A19103F-16F7-4668-BE54-9A1E7A4F7556}") = "LAHJA", "LAHJA\LAHJA.csproj", "{C2560A77-0CAF-4B3A-BDB6-617E4595AD7A}"
EndProject
Project("{9A19103F-16F7-4668-BE54-9A1E7A4F7556}") = "Infrastructure", "Infrastructure\Infrastructure.csproj", "{69F1202A-B006-4052-AD7B-D107C1961ED3}"
EndProject
Project("{9A19103F-16F7-4668-BE54-9A1E7A4F7556}") = "Domain", "Domain\Domain.csproj", "{924DE491-8B5A-435A-B41C-E51D18787D8B}"
EndProject
Project("{9A19103F-16F7-4668-BE54-9A1E7A4F7556}") = "Application", "Application\Application.csproj", "{D9ABED51-4D52-4300-BC2C-56A50D5AE8D8}"
EndProject
Project("{9A19103F-16F7-4668-BE54-9A1E7A4F7556}") = "Shared", "Shared\Shared.csproj", "{9727A9D1-9BF1-4B12-98B6-67268057C5EE}"
EndProject
Global
	GlobalSection(SolutionConfigurationPlatforms) = preSolution
		Debug|Any CPU = Debug|Any CPU
		Release|Any CPU = Release|Any CPU
	EndGlobalSection
	GlobalSection(ProjectConfigurationPlatforms) = postSolution
		{C2560A77-0CAF-4B3A-BDB6-617E4595AD7A}.Debug|Any CPU.ActiveCfg = Debug|Any CPU
		{C2560A77-0CAF-4B3A-BDB6-617E4595AD7A}.Debug|Any CPU.Build.0 = Debug|Any CPU
		{C2560A77-0CAF-4B3A-BDB6-617E4595AD7A}.Release|Any CPU.ActiveCfg = Release|Any CPU
		{C2560A77-0CAF-4B3A-BDB6-617E4595AD7A}.Release|Any CPU.Build.0 = Release|Any CPU
		{69F1202A-B006-4052-AD7B-D107C1961ED3}.Debug|Any CPU.ActiveCfg = Debug|Any CPU
		{69F1202A-B006-4052-AD7B-D107C1961ED3}.Debug|Any CPU.Build.0 = Debug|Any CPU
		{69F1202A-B006-4052-AD7B-D107C1961ED3}.Release|Any CPU.ActiveCfg = Release|Any CPU
		{69F1202A-B006-4052-AD7B-D107C1961ED3}.Release|Any CPU.Build.0 = Release|Any CPU
		{924DE491-8B5A-435A-B41C-E51D18787D8B}.Debug|Any CPU.ActiveCfg = Debug|Any CPU
		{924DE491-8B5A-435A-B41C-E51D18787D8B}.Debug|Any CPU.Build.0 = Debug|Any CPU
		{924DE491-8B5A-435A-B41C-E51D18787D8B}.Release|Any CPU.ActiveCfg = Release|Any CPU
		{924DE491-8B5A-435A-B41C-E51D18787D8B}.Release|Any CPU.Build.0 = Release|Any CPU
		{D9ABED51-4D52-4300-BC2C-56A50D5AE8D8}.Debug|Any CPU.ActiveCfg = Debug|Any CPU
		{D9ABED51-4D52-4300-BC2C-56A50D5AE8D8}.Debug|Any CPU.Build.0 = Debug|Any CPU
		{D9ABED51-4D52-4300-BC2C-56A50D5AE8D8}.Release|Any CPU.ActiveCfg = Release|Any CPU
		{D9ABED51-4D52-4300-BC2C-56A50D5AE8D8}.Release|Any CPU.Build.0 = Release|Any CPU
		{9727A9D1-9BF1-4B12-98B6-67268057C5EE}.Debug|Any CPU.ActiveCfg = Debug|Any CPU
		{9727A9D1-9BF1-4B12-98B6-67268057C5EE}.Debug|Any CPU.Build.0 = Debug|Any CPU
		{9727A9D1-9BF1-4B12-98B6-67268057C5EE}.Release|Any CPU.ActiveCfg = Release|Any CPU
		{9727A9D1-9BF1-4B12-98B6-67268057C5EE}.Release|Any CPU.Build.0 = Release|Any CPU
	EndGlobalSection
	GlobalSection(SolutionProperties) = preSolution
		HideSolutionNode = FALSE
	EndGlobalSection
	GlobalSection(ExtensibilityGlobals) = postSolution
		SolutionGuid = {37766720-5F2A-4F52-BB03-429C329BA8A7}
	EndGlobalSection
EndGlobal
